
Microsoft Visual Studio Solution File, Format Version 12.00
# Visual Studio 15
VisualStudioVersion = 15.0.27703.2042
MinimumVisualStudioVersion = 10.0.40219.1
Project("{FAE04EC0-301F-11D3-BF4B-00C04F79EFBC}") = "Helldrone", "Helldrone.csproj", "{DFFCD7E8-AC53-4440-AABC-F4877D27D05D}"
EndProject
Global
	GlobalSection(SolutionConfigurationPlatforms) = preSolution
		Debug|Any CPU = Debug|Any CPU
		Release|Any CPU = Release|Any CPU
	EndGlobalSection
	GlobalSection(ProjectConfigurationPlatforms) = postSolution
		{DFFCD7E8-AC53-4440-AABC-F4877D27D05D}.Debug|Any CPU.ActiveCfg = Debug|Any CPU
		{DFFCD7E8-AC53-4440-AABC-F4877D27D05D}.Debug|Any CPU.Build.0 = Debug|Any CPU
		{DFFCD7E8-AC53-4440-AABC-F4877D27D05D}.Release|Any CPU.ActiveCfg = Release|Any CPU
		{DFFCD7E8-AC53-4440-AABC-F4877D27D05D}.Release|Any CPU.Build.0 = Release|Any CPU
	EndGlobalSection
	GlobalSection(SolutionProperties) = preSolution
		HideSolutionNode = FALSE
	EndGlobalSection
	GlobalSection(ExtensibilityGlobals) = postSolution
		SolutionGuid = {69A032B4-378E-4421-A177-E396AF3595F5}
	EndGlobalSection
EndGlobal
